%{
  "binary": {:hex, :binary, "0.0.4", "dd077db70c0ded3e85c132b802338e14b80694684a7e2277666bfa4004b7fa66", [:mix], [], "hexpm", "a2faf5d5c22caec3efacf95370d8b050c003f48e03c221c37e0d1e2dd515b970"},
  "bip0173": {:hex, :bip0173, "0.1.2", "b771e275692ed3353ecfecb38330693cbba90d2ac4a2e8fd1908a86ec7e6318f", [:mix], [], "hexpm", "6e12dfe7baacf9b4c422cae8f9cc6bbd791bf5ec3e9055fa3f418071b799b0db"},
  "bitcoinlib": {:hex, :bitcoinlib, "0.2.2", "0293bb1201c8eca05f91e35c609729cf02d798a3b0bd84aa80dde920f7ce40e5", [:mix], [{:binary, "0.0.4", [hex: :binary, repo: "hexpm", optional: false]}, {:bip0173, "~> 0.1.2", [hex: :bip0173, repo: "hexpm", optional: false]}, {:curvy, "~> 0.3.0", [hex: :curvy, repo: "hexpm", optional: false]}, {:exbase58, "~> 1.0", [hex: :exbase58, repo: "hexpm", optional: false]}, {:pbkdf2_elixir, "~> 2.0", [hex: :pbkdf2_elixir, repo: "hexpm", optional: false]}], "hexpm", "6be9853b82c12f05bb24e74dfa99a905b3a8c3db3f400a9a84b4485309fceed8"},
  "comeonin": {:hex, :comeonin, "5.3.3", "2c564dac95a35650e9b6acfe6d2952083d8a08e4a89b93a481acb552b325892e", [:mix], [], "hexpm", "3e38c9c2cb080828116597ca8807bb482618a315bfafd98c90bc22a821cc84df"},
  "curvy": {:hex, :curvy, "0.3.0", "cd097f77434baf783cd18a8374e1eae37dc203588902a3b59d1b4056ac9e7366", [:mix], [], "hexpm", "1fa6104cb458cfe6962b8353a0a6563bd191f9e72807fca0fa22b5a61809695c"},
  "dialyxir": {:hex, :dialyxir, "1.2.0", "58344b3e87c2e7095304c81a9ae65cb68b613e28340690dfe1a5597fd08dec37", [:mix], [{:erlex, ">= 0.2.6", [hex: :erlex, repo: "hexpm", optional: false]}], "hexpm", "61072136427a851674cab81762be4dbeae7679f85b1272b6d25c3a839aff8463"},
  "erlex": {:hex, :erlex, "0.2.6", "c7987d15e899c7a2f34f5420d2a2ea0d659682c06ac607572df55a43753aa12e", [:mix], [], "hexpm", "2ed2e25711feb44d52b17d2780eabf998452f6efda104877a3881c2f8c0c0c75"},
  "exbase58": {:hex, :exbase58, "1.0.2", "2caa5df4d769b5c555cde11b85e93199037ed8b41f1da23e812619c10e3a3424", [:mix], [], "hexpm", "fe6b6b465750bdc1bd01c7b33b265902dabd63061f7db24e663509b45b4bba3c"},
  "jason": {:hex, :jason, "1.4.0", "e855647bc964a44e2f67df589ccf49105ae039d4179db7f6271dfd3843dc27e6", [:mix], [{:decimal, "~> 1.0 or ~> 2.0", [hex: :decimal, repo: "hexpm", optional: true]}], "hexpm", "79a3791085b2a0f743ca04cec0f7be26443738779d09302e01318f97bdb82121"},
  "pbkdf2_elixir": {:hex, :pbkdf2_elixir, "2.0.0", "fa10cf0a61e263e5bdcd6353d96cdd1f4c593fd0f8d734ba8f3e048832fd5f06", [:mix], [{:comeonin, "~> 5.3", [hex: :comeonin, repo: "hexpm", optional: false]}], "hexpm", "a9bcb808583e63893d42a843669c0e9cdcc9183053b9984582281a8947393086"},
}
